
Microsoft Visual Studio Solution File, Format Version 12.00
# Visual Studio Version 17
VisualStudioVersion = 17.0.32002.185
MinimumVisualStudioVersion = 10.0.40219.1
Project("{FAE04EC0-301F-11D3-BF4B-00C04F79EFBC}") = "EvidentaAngajati", "EvidentaAngajati\EvidentaAngajati.csproj", "{EAA71CE6-ED60-485D-816D-C84AB8C3B865}"
EndProject
Global
	GlobalSection(SolutionConfigurationPlatforms) = preSolution
		Debug|Any CPU = Debug|Any CPU
		Release|Any CPU = Release|Any CPU
	EndGlobalSection
	GlobalSection(ProjectConfigurationPlatforms) = postSolution
		{EAA71CE6-ED60-485D-816D-C84AB8C3B865}.Debug|Any CPU.ActiveCfg = Debug|Any CPU
		{EAA71CE6-ED60-485D-816D-C84AB8C3B865}.Debug|Any CPU.Build.0 = Debug|Any CPU
		{EAA71CE6-ED60-485D-816D-C84AB8C3B865}.Release|Any CPU.ActiveCfg = Release|Any CPU
		{EAA71CE6-ED60-485D-816D-C84AB8C3B865}.Release|Any CPU.Build.0 = Release|Any CPU
	EndGlobalSection
	GlobalSection(SolutionProperties) = preSolution
		HideSolutionNode = FALSE
	EndGlobalSection
	GlobalSection(ExtensibilityGlobals) = postSolution
		SolutionGuid = {3DF29214-311D-4034-B69E-7ECF62AE6001}
	EndGlobalSection
EndGlobal
